
Microsoft Visual Studio Solution File, Format Version 12.00
# Visual Studio Version 17
VisualStudioVersion = 17.8.34511.84
MinimumVisualStudioVersion = 10.0.40219.1
Project("{FAE04EC0-301F-11D3-BF4B-00C04F79EFBC}") = "EjercicioClase", "EjercicioClase\EjercicioClase.csproj", "{23246204-5D3F-4BAE-9672-6B90A7BD167C}"
EndProject
Global
	GlobalSection(SolutionConfigurationPlatforms) = preSolution
		Debug|Any CPU = Debug|Any CPU
		Release|Any CPU = Release|Any CPU
	EndGlobalSection
	GlobalSection(ProjectConfigurationPlatforms) = postSolution
		{23246204-5D3F-4BAE-9672-6B90A7BD167C}.Debug|Any CPU.ActiveCfg = Debug|Any CPU
		{23246204-5D3F-4BAE-9672-6B90A7BD167C}.Debug|Any CPU.Build.0 = Debug|Any CPU
		{23246204-5D3F-4BAE-9672-6B90A7BD167C}.Release|Any CPU.ActiveCfg = Release|Any CPU
		{23246204-5D3F-4BAE-9672-6B90A7BD167C}.Release|Any CPU.Build.0 = Release|Any CPU
	EndGlobalSection
	GlobalSection(SolutionProperties) = preSolution
		HideSolutionNode = FALSE
	EndGlobalSection
	GlobalSection(ExtensibilityGlobals) = postSolution
		SolutionGuid = {7056F488-533C-4589-A15D-CD7E166E5CAD}
	EndGlobalSection
EndGlobal
